<Solution>
  <Folder Name="/src/">
    <Project Path="src/CartService.Api/CartService.Api.csproj" />
    <Project Path="src/CartService.Bll/CartService.Bll.csproj" />
    <Project Path="src/CartService.Dal/CartService.Dal.csproj" />
  </Folder>
  <Folder Name="/tests/">
    <Project Path="tests/CartService.Tests/CartService.Tests.csproj" />
  </Folder>
</Solution>
