<Solution>
  <Folder Name="/src/">
    <Project Path="src/IdentityService.Api/IdentityService.Api.csproj" />
  </Folder>
  <Folder Name="/tests/">
    <Project Path="tests/IdentityService.Tests/IdentityService.Tests.csproj" />
  </Folder>
  <Folder Name="/shared/">
    <Project Path="../Shared/ShoppingAuth/ShoppingAuth.csproj" />
    <Project Path="../Shared/ShoppingTelemetry/ShoppingTelemetry.csproj" />
  </Folder>
</Solution>